github.com/akavel/rsrc v0.10.2 h1:Zxm8V5eI1hW4gGaYsJQUhxpjkENuG91ki8B4zCrvEsw=
github.com/akavel/rsrc v0.10.2/go.mod h1:uLoCtb9J+EyAqh+26kdrTgmzRBFPGOolLWKpdxkKq+c=
github.com/davecgh/go-spew v1.1.0/go.mod h1:J7Y8YcW2NihsgmVo/mv3lAwl/skON4iLHjSsI+c5H38=
github.com/davecgh/go-spew v1.1.1/go.mod h1:J7Y8YcW2NihsgmVo/mv3lAwl/skON4iLHjSsI+c5H38=
github.com/dchest/jsmin v0.0.0-20220218165748-59f39799265f h1:OGqDDftRTwrvUoL6pOG7rYTmWsTCvyEWFsMjg+HcOaA=
github.com/dchest/jsmin v0.0.0-20220218165748-59f39799265f/go.mod h1:Dv9D0NUlAsaQcGQZa5kc5mqR9ua72SmA8VXi4cd+cBw=
github.com/ebitengine/purego v0.8.2 h1:jPPGWs2sZ1UgOSgD2bClL0MJIqu58nOmIcBuXr62z1I=
github.com/ebitengine/purego v0.8.2/go.mod h1:iIjxzd6CiRiOG0UyXP+V1+jWqUXVjPKLAI0mRfJZTmQ=
github.com/gen2brain/raylib-go/raylib v0.0.0-20250215042252-db8e47f0e5c5 h1:k8ZAxLgb/p5TvCi5VHFHM8JdnjwShNK4A0bLIwbktAU=
github.com/gen2brain/raylib-go/raylib v0.0.0-20250215042252-db8e47f0e5c5/go.mod h1:BaY76bZk7nw1/kVOSQObPY1v1iwVE1KHAGMfvI6oK1Q=
github.com/golang-migrate/migrate/v4 v4.18.2 h1:2VSCMz7x7mjyTXx3m2zPokOY82LTRgxK1yQYKo6wWQ8=
github.com/golang-migrate/migrate/v4 v4.18.2/go.mod h1:2CM6tJvn2kqPXwnXO/d3rAQYiyoIm180VsO8PRX6Rpk=
github.com/hashicorp/errwrap v1.0.0/go.mod h1:YH+1FKiLXxHSkmPseP+kNlulaMuP3n2brvKWEqk/Jc4=
github.com/hashicorp/errwrap v1.1.0 h1:OxrOeh75EUXMY8TBjag2fzXGZ40LB6IKw45YeGUDY2I=
github.com/hashicorp/errwrap v1.1.0/go.mod h1:YH+1FKiLXxHSkmPseP+kNlulaMuP3n2brvKWEqk/Jc4=
github.com/hashicorp/go-multierror v1.1.1 h1:H5DkEtf6CXdFp0N0Em5UCwQpXMWke8IA0+lD48awMYo=
github.com/hashicorp/go-multierror v1.1.1/go.mod h1:iw975J/qwKPdAO1clOe2L8331t/9/fmwbPZ6JB6eMoM=
github.com/josephspurrier/goversioninfo v1.4.1 h1:5LvrkP+n0tg91J9yTkoVnt/QgNnrI1t4uSsWjIonrqY=
github.com/josephspurrier/goversioninfo v1.4.1/go.mod h1:JWzv5rKQr+MmW+LvM412ToT/IkYDZjaclF2pKDss8IY=
github.com/mattn/go-sqlite3 v1.14.28 h1:ThEiQrnbtumT+QMknw63Befp/ce/nUPgBPMlRFEum7A=
github.com/mattn/go-sqlite3 v1.14.28/go.mod h1:Uh1q+B4BYcTPb+yiD3kU8Ct7aC0hY9fxUwlHK0RXw+Y=
github.com/ncruces/zenity v0.10.14 h1:OBFl7qfXcvsdo1NUEGxTlZvAakgWMqz9nG38TuiaGLI=
github.com/ncruces/zenity v0.10.14/go.mod h1:ZBW7uVe/Di3IcRYH0Br8X59pi+O6EPnNIOU66YHpOO4=
github.com/pmezard/go-difflib v1.0.0/go.mod h1:iKH77koFhYxTK1pcRnkKkqfTogsbg7gZNVY4sRDYZ/4=
github.com/randall77/makefat v0.0.0-20210315173500-7ddd0e42c844 h1:GranzK4hv1/pqTIhMTXt2X8MmMOuH3hMeUR0o9SP5yc=
github.com/randall77/makefat v0.0.0-20210315173500-7ddd0e42c844/go.mod h1:T1TLSfyWVBRXVGzWd0o9BI4kfoO9InEgfQe4NV3mLz8=
github.com/stretchr/objx v0.1.0/go.mod h1:HFkY916IF+rwdDfMAkV7OtwuqBVzrE8GR6GFx+wExME=
github.com/stretchr/testify v1.3.0/go.mod h1:M5WIy9Dh21IEIfnGCwXGc5bZfKNJtfHm1UVUgZn+9EI=
github.com/stretchr/testify v1.6.1/go.mod h1:6Fq8oRcR53rry900zMqJjRRixrwX3KX962/h/Wwjteg=
go.uber.org/atomic v1.7.0 h1:ADUqmZGgLDDfbSL9ZmPxKTybcoEYHgpYfELNoN+7hsw=
go.uber.org/atomic v1.7.0/go.mod h1:fEN4uk6kAWBTFdckzkM89CLk9XfWZrxpCo0nPH17wJc=
golang.org/x/exp v0.0.0-20250305212735-054e65f0b394 h1:nDVHiLt8aIbd/VzvPWN6kSOPE7+F/fNFDSXLVYkE/Iw=
golang.org/x/exp v0.0.0-20250305212735-054e65f0b394/go.mod h1:sIifuuw/Yco/y6yb6+bDNfyeQ/MdPUy/hKEMYQV17cM=
golang.org/x/image v0.20.0 h1:7cVCUjQwfL18gyBJOmYvptfSHS8Fb3YUDtfLIZ7Nbpw=
golang.org/x/image v0.20.0/go.mod h1:0a88To4CYVBAHp5FXJm8o7QbUl37Vd85ply1vyD8auM=
golang.org/x/sys v0.31.0 h1:ioabZlmFYtWhL+TRYpcnNlLwhyxaM9kWTDEmfnprqik=
golang.org/x/sys v0.31.0/go.mod h1:BJP2sWEmIv4KK5OTEluFJCKSidICx8ciO85XgH3Ak8k=
gopkg.in/check.v1 v0.0.0-20161208181325-20d25e280405/go.mod h1:Co6ibVJAznAaIkqp8huTwlJQCZ016jof/cbN4VW5Yz0=
gopkg.in/yaml.v3 v3.0.0-20200313102051-9f266ea9e77c/go.mod h1:K4uyk7z7BCEPqu6E+C64Yfv1cQ7kz7rIZviUmN+EgEM=
